
Microsoft Visual Studio Solution File, Format Version 12.00
# Visual Studio Version 17
VisualStudioVersion = 17.0.31903.59
MinimumVisualStudioVersion = 10.0.40219.1
Project("{FAE04EC0-301F-11D3-BF4B-00C04F79EFBC}") = "MainApp", "MainApp\MainApp.csproj", "{BF2EC43E-7A35-4540-8076-299D81A9465E}"
EndProject
Project("{FAE04EC0-301F-11D3-BF4B-00C04F79EFBC}") = "Infrastracture", "Infrastracture\Infrastracture.csproj", "{35B65785-16F5-42E4-8CD9-3108237E8C7B}"
EndProject
Project("{FAE04EC0-301F-11D3-BF4B-00C04F79EFBC}") = "Domain", "Domain\Domain.csproj", "{E52A16EB-3B64-46A5-B4C5-CC37AB3E95A3}"
EndProject
Global
	GlobalSection(SolutionConfigurationPlatforms) = preSolution
		Debug|Any CPU = Debug|Any CPU
		Release|Any CPU = Release|Any CPU
	EndGlobalSection
	GlobalSection(SolutionProperties) = preSolution
		HideSolutionNode = FALSE
	EndGlobalSection
	GlobalSection(ProjectConfigurationPlatforms) = postSolution
		{BF2EC43E-7A35-4540-8076-299D81A9465E}.Debug|Any CPU.ActiveCfg = Debug|Any CPU
		{BF2EC43E-7A35-4540-8076-299D81A9465E}.Debug|Any CPU.Build.0 = Debug|Any CPU
		{BF2EC43E-7A35-4540-8076-299D81A9465E}.Release|Any CPU.ActiveCfg = Release|Any CPU
		{BF2EC43E-7A35-4540-8076-299D81A9465E}.Release|Any CPU.Build.0 = Release|Any CPU
		{35B65785-16F5-42E4-8CD9-3108237E8C7B}.Debug|Any CPU.ActiveCfg = Debug|Any CPU
		{35B65785-16F5-42E4-8CD9-3108237E8C7B}.Debug|Any CPU.Build.0 = Debug|Any CPU
		{35B65785-16F5-42E4-8CD9-3108237E8C7B}.Release|Any CPU.ActiveCfg = Release|Any CPU
		{35B65785-16F5-42E4-8CD9-3108237E8C7B}.Release|Any CPU.Build.0 = Release|Any CPU
		{E52A16EB-3B64-46A5-B4C5-CC37AB3E95A3}.Debug|Any CPU.ActiveCfg = Debug|Any CPU
		{E52A16EB-3B64-46A5-B4C5-CC37AB3E95A3}.Debug|Any CPU.Build.0 = Debug|Any CPU
		{E52A16EB-3B64-46A5-B4C5-CC37AB3E95A3}.Release|Any CPU.ActiveCfg = Release|Any CPU
		{E52A16EB-3B64-46A5-B4C5-CC37AB3E95A3}.Release|Any CPU.Build.0 = Release|Any CPU
	EndGlobalSection
EndGlobal
